{
  "name": "sdk",
  "version": "1.0.0",
  "lockfileVersion": 3,
  "requires": true,
  "packages": {
    "": {
      "name": "sdk",
      "version": "1.0.0",
      "license": "ISC",
      "dependencies": {
        "@uauth-jk/server": "^1.0.0"
      }
    },
    "node_modules/@uauth-jk/server": {
      "version": "1.0.0",
      "resolved": "https://registry.npmjs.org/@uauth-jk/server/-/server-1.0.0.tgz",
      "integrity": "sha512-50p6TD/4qof0lsUVC/WYcAIyE9kUF3RHInmQokdpy2s8LOXU4YHp5eAJHk66bO3CYzTVQuMzU0rt/JsKeK4cSg=="
    }
  }
}
